{
  "version": 4,
  "terraform_version": "1.1.1",
  "serial": 21,
  "lineage": "9fd0de9a-7e40-e529-3a55-d17fba0b003b",
  "outputs": {},
  "resources": [
    {
      "mode": "data",
      "type": "aws_iam_policy_document",
      "name": "assume_role",
      "provider": "provider[\"registry.terraform.io/hashicorp/aws\"]",
      "instances": [
        {
          "schema_version": 0,
          "attributes": {
            "id": "3693445097",
            "json": "{\n  \"Version\": \"2012-10-17\",\n  \"Statement\": [\n    {\n      \"Sid\": \"\",\n      \"Effect\": \"Allow\",\n      \"Action\": \"sts:AssumeRole\",\n      \"Principal\": {\n        \"Service\": \"lambda.amazonaws.com\"\n      }\n    }\n  ]\n}",
            "override_json": null,
            "override_policy_documents": null,
            "policy_id": null,
            "source_json": null,
            "source_policy_documents": null,
            "statement": [
              {
                "actions": [
                  "sts:AssumeRole"
                ],
                "condition": [],
                "effect": "Allow",
                "not_actions": [],
                "not_principals": [],
                "not_resources": [],
                "principals": [
                  {
                    "identifiers": [
                      "lambda.amazonaws.com"
                    ],
                    "type": "Service"
                  }
                ],
                "resources": [],
                "sid": ""
              }
            ],
            "version": "2012-10-17"
          },
          "sensitive_attributes": []
        }
      ]
    },
    {
      "mode": "data",
      "type": "aws_iam_policy_document",
      "name": "log",
      "provider": "provider[\"registry.terraform.io/hashicorp/aws\"]",
      "instances": [
        {
          "schema_version": 0,
          "attributes": {
            "id": "2841852350",
            "json": "{\n  \"Version\": \"2012-10-17\",\n  \"Statement\": [\n    {\n      \"Sid\": \"\",\n      \"Effect\": \"Allow\",\n      \"Action\": \"logs:*\",\n      \"Resource\": \"*\"\n    }\n  ]\n}",
            "override_json": null,
            "override_policy_documents": null,
            "policy_id": null,
            "source_json": null,
            "source_policy_documents": null,
            "statement": [
              {
                "actions": [
                  "logs:*"
                ],
                "condition": [],
                "effect": "Allow",
                "not_actions": [],
                "not_principals": [],
                "not_resources": [],
                "principals": [],
                "resources": [
                  "*"
                ],
                "sid": ""
              }
            ],
            "version": "2012-10-17"
          },
          "sensitive_attributes": []
        }
      ]
    },
    {
      "mode": "data",
      "type": "aws_iam_policy_document",
      "name": "test_queue",
      "provider": "provider[\"registry.terraform.io/hashicorp/aws\"]",
      "instances": [
        {
          "schema_version": 0,
          "attributes": {
            "id": "4181588086",
            "json": "{\n  \"Version\": \"2012-10-17\",\n  \"Statement\": [\n    {\n      \"Sid\": \"\",\n      \"Effect\": \"Allow\",\n      \"Action\": \"sqs:*\",\n      \"Resource\": \"arn:aws:sqs:us-east-1:193125195061:pineapple-test-queue\"\n    }\n  ]\n}",
            "override_json": null,
            "override_policy_documents": null,
            "policy_id": null,
            "source_json": null,
            "source_policy_documents": null,
            "statement": [
              {
                "actions": [
                  "sqs:*"
                ],
                "condition": [],
                "effect": "Allow",
                "not_actions": [],
                "not_principals": [],
                "not_resources": [],
                "principals": [],
                "resources": [
                  "arn:aws:sqs:us-east-1:193125195061:pineapple-test-queue"
                ],
                "sid": ""
              }
            ],
            "version": "2012-10-17"
          },
          "sensitive_attributes": []
        }
      ]
    },
    {
      "mode": "managed",
      "type": "aws_iam_policy",
      "name": "log",
      "provider": "provider[\"registry.terraform.io/hashicorp/aws\"]",
      "instances": [
        {
          "schema_version": 0,
          "attributes": {
            "arn": "arn:aws:iam::193125195061:policy/terraform-20220509173205768700000001",
            "description": "",
            "id": "arn:aws:iam::193125195061:policy/terraform-20220509173205768700000001",
            "name": "terraform-20220509173205768700000001",
            "name_prefix": null,
            "path": "/",
            "policy": "{\"Statement\":[{\"Action\":\"logs:*\",\"Effect\":\"Allow\",\"Resource\":\"*\",\"Sid\":\"\"}],\"Version\":\"2012-10-17\"}",
            "policy_id": "ANPASZ5ZITU2RDJB5VQA2",
            "tags": {},
            "tags_all": {}
          },
          "sensitive_attributes": [],
          "private": "bnVsbA==",
          "dependencies": [
            "data.aws_iam_policy_document.log"
          ]
        }
      ]
    },
    {
      "mode": "managed",
      "type": "aws_iam_policy",
      "name": "test_queue",
      "provider": "provider[\"registry.terraform.io/hashicorp/aws\"]",
      "instances": [
        {
          "schema_version": 0,
          "attributes": {
            "arn": "arn:aws:iam::193125195061:policy/terraform-20220509173231395800000003",
            "description": "",
            "id": "arn:aws:iam::193125195061:policy/terraform-20220509173231395800000003",
            "name": "terraform-20220509173231395800000003",
            "name_prefix": null,
            "path": "/",
            "policy": "{\"Statement\":[{\"Action\":\"sqs:*\",\"Effect\":\"Allow\",\"Resource\":\"arn:aws:sqs:us-east-1:193125195061:pineapple-test-queue\",\"Sid\":\"\"}],\"Version\":\"2012-10-17\"}",
            "policy_id": "ANPASZ5ZITU26JB6R6NEU",
            "tags": {},
            "tags_all": {}
          },
          "sensitive_attributes": [],
          "private": "bnVsbA==",
          "dependencies": [
            "aws_sqs_queue.test_queue",
            "data.aws_iam_policy_document.test_queue"
          ]
        }
      ]
    },
    {
      "mode": "managed",
      "type": "aws_iam_role",
      "name": "lambda",
      "provider": "provider[\"registry.terraform.io/hashicorp/aws\"]",
      "instances": [
        {
          "schema_version": 0,
          "attributes": {
            "arn": "arn:aws:iam::193125195061:role/pineappletest",
            "assume_role_policy": "{\"Version\":\"2012-10-17\",\"Statement\":[{\"Sid\":\"\",\"Effect\":\"Allow\",\"Principal\":{\"Service\":\"lambda.amazonaws.com\"},\"Action\":\"sts:AssumeRole\"}]}",
            "create_date": "2022-05-09T17:32:06Z",
            "description": "",
            "force_detach_policies": false,
            "id": "pineappletest",
            "inline_policy": [
              {
                "name": "",
                "policy": ""
              }
            ],
            "managed_policy_arns": [
              "arn:aws:iam::193125195061:policy/terraform-20220509173205768700000001",
              "arn:aws:iam::193125195061:policy/terraform-20220509173231395800000003"
            ],
            "max_session_duration": 3600,
            "name": "pineappletest",
            "name_prefix": "",
            "path": "/",
            "permissions_boundary": null,
            "tags": {},
            "tags_all": {},
            "unique_id": "AROASZ5ZITU26DYNARYAF"
          },
          "sensitive_attributes": [],
          "private": "bnVsbA==",
          "dependencies": [
            "data.aws_iam_policy_document.assume_role"
          ]
        }
      ]
    },
    {
      "mode": "managed",
      "type": "aws_sqs_queue",
      "name": "test_queue",
      "provider": "provider[\"registry.terraform.io/hashicorp/aws\"]",
      "instances": [
        {
          "schema_version": 0,
          "attributes": {
            "arn": "arn:aws:sqs:us-east-1:193125195061:pineapple-test-queue",
            "content_based_deduplication": false,
            "deduplication_scope": "",
            "delay_seconds": 0,
            "fifo_queue": false,
            "fifo_throughput_limit": "",
            "id": "https://sqs.us-east-1.amazonaws.com/193125195061/pineapple-test-queue",
            "kms_data_key_reuse_period_seconds": 300,
            "kms_master_key_id": "",
            "max_message_size": 262144,
            "message_retention_seconds": 345600,
            "name": "pineapple-test-queue",
            "name_prefix": "",
            "policy": "",
            "receive_wait_time_seconds": 0,
            "redrive_allow_policy": "",
            "redrive_policy": "",
            "sqs_managed_sse_enabled": false,
            "tags": {},
            "tags_all": {},
            "url": "https://sqs.us-east-1.amazonaws.com/193125195061/pineapple-test-queue",
            "visibility_timeout_seconds": 30
          },
          "sensitive_attributes": [],
          "private": "bnVsbA=="
        }
      ]
    },
    {
      "module": "module.ecr_push",
      "mode": "data",
      "type": "aws_ecr_authorization_token",
      "name": "ecr_token",
      "provider": "provider[\"registry.terraform.io/hashicorp/aws\"]",
      "instances": [
        {
          "schema_version": 0,
          "attributes": {
            "authorization_token": "QVdTOmV5SndZWGxzYjJGa0lqb2lOV2hRZWxKUVZ6Y3hkRTk0VEZWYWVGSTJhVVZSVHpNMFNFbE5jbEZzVms1SWMwWldiU3RHZEhaTU5teFZVVU5qTVhFMFdFUnlla055UlhNcldYQlBabWxTYXlzNE5XVTVkV2hyVmtoU2NqSjRUak0xY0hwTVVUQk9TRU5QU3pSc2F6bEhVWGhVTkdwUFp6ZFRNbVZ6Wkd4UU0wcHhWWGMwTjNaMkwyUmpZa0pqZUVwSGIyOTJVazQyVld4U1ZsQmlVblIwWm5SMFRrOXpkeTlEZVVjck1pdE1TSFIyVTNwRksxSm5SRWxKTmxwRVZXWkNiVXh3YjFRMVVFUnRjRXBFZGt4SWFuUXlkRFZ0Unk4d1RVeEtVbkpJWjFkdU5WWm5Za2hVZW5kRWRXVlhOWEJtZWpkb1pYRndMMkkyWlN0TEsxRjRSak5OVnpKNVFVTjRlbkJFT1VrMVNqZ3ZNVGRKU1dZM1RXMVhZMmxQVUZNMVpHOHpOaXRSWmxCalozTmhRWE4zVEhOTlpFaEVabGh0U0ZveU1scEdTSFkyU0U1YVkySnFkbTV5Tm1oS2NuSkhWRWcwZW5KQlkzWXpWRXBpU2sxcFowbGhOMFp1VFRZM2JrWk5ibWw2T0VsNFlsTXJZazFYZEVZelltaHhja0ZrVHpadU1GUk9hbUZoUldOc1NqUTNOMjk2YWpoamFIVlNTVTUyWjJkVWRtMHhiWFUxVjJORVNtcGFjak55Umt4cGJERXlWbTlDZWxoc2VHVmFZbGx4UVhWWlZWcFlPV1kzYlhWcFZsTkhabGx5VkhSM2MyVjZRVkZuVXpaRFExaDFSWGxpYUdGME0zaDZSbEYyVUUxek1GRnJkSFZ0UmxZdldpOW1jVU4zV205NmJuSm9MMHR6WldReU56UldhVU5XVWpkWVR6STFNMEpzZFVOdGFqRlFlbEpRYmxBeFVETnZjV05wY0RZclVWazRRbE1yUTNkdlkyWllWbkYzTHpoTGRscFlabm8wWTIweE9DdGFPVlZEVHpOS2Rqa3pRMmRtWmtwcmRITTVaalphUmtnNE5sVkpWa2hTZUV0SGNVODJkMGxYVVROVFFWQTJjakZsU1hCSmNqZ3lRM2xOUldOM1MyVnJUVEJCVkhsdldWUnZPRTVGWTNSVU1tOXpZME5RTjJWSVkycEtiVGxzTVZoMlJtMVlTelZMYjNkNk1IbE1SRFIwVFVsMVowTTBkMUpGUlhSRVpraE1NVTVVUkVWVFVrZG9NU3RDUmtOaWVVOWxUVWQxVFdoNVZraDJhRGsyUlhsUVMxVk9SRzR4VW5wMVNGZHdOMlp0ZDNoQ2JsZ3ZOVXBaVkRSemRHMVlNVGc0VGtWcWJqSk1LMUZFUVVvNE5uQkpSV0ozV1RKUGIzZFhUVTVpSzFOWGFIRnpaRlp4YldZeVp6TlNNbFpDVGxCVmJuWjJaV0ozZFRrcloyZGFUbkJ3TlV4VllqZFpjbEkyYXl0bFN6bGtOSG81Vms5b09YZEJkSFkwYkdKeU5XNTBRekpNZVZOV1pVWnpMemxYZGsxV1dWQlNkR2hQT1Voa1ZGZDJlWHBJT1RCUFowazNXVVV5TW5GdFJVSlVSalZDWVVsSmEzRnJiRE5NVmxVd1drdDNlV1puY1c1M2JHVnhNa04wYjJsUWJXVjJWV0pCZW00ME9FOXBSa05ZUkhKU1YwUTVOVEEyZEZObVNuRmtOR1JuWTJKTmRFOHhWMmMzTVV4VGFHaFJRVmsyY2pGRlRHaDVZUzlJV2tWT1JsTkVZV2RsVmprMWQzaExORlYzVjJGamJHRkVRM0Y0YWpOU1EzTldNRlozVFhKaVEyTndLMFZPUkdKRFVWQXJPV3B6YmpoTGFHTmpjWFpuU21WSVRFSnpRV3MxYURoa1YySkNjVFp6VGs1cGFXMTNRV3RMWkdkcldsaERTRFo0WTNkcmFXVnlOVWg2UTNWNmJqQnNNVlZYWkZOdE5sTnRhazVPVEhCcFdXaFRjRTlEWXpKc01FSkNSbGt5Y1VZaUxDSmtZWFJoYTJWNUlqb2lRVkZGUWtGSWFIZHRNRmxoU1ZOS1pWSjBTbTAxYmpGSE5uVnhaV1ZyV0hWdldGaFFaVFZWUm1ObE9WSnhPQzh4TkhkQlFVRklOSGRtUVZsS1MyOWFTV2gyWTA1QlVXTkhiMGM0ZDJKUlNVSkJSRUp2UW1kcmNXaHJhVWM1ZHpCQ1FuZEZkMGhuV1VwWlNWcEpRVmRWUkVKQlJYVk5Ra1ZGUkVWYVVFSm5WRUZoV1ZNeWFuSnBNVUpCU1VKRlNVRTNUaXRMWVVkTlVFWlJSRWN6T1hjMFRtdFhka05RTjBOTll6SmFSME5wTTJOalozSnlTSFkwVURjeGJWRXdaSGhLUTFOSmRXTlRSR3MxU0ZKTFkwZEhNREYyUkRobmJFNXNlRWRYYzAxS1FUMGlMQ0oyWlhKemFXOXVJam9pTWlJc0luUjVjR1VpT2lKRVFWUkJYMHRGV1NJc0ltVjRjR2x5WVhScGIyNGlPakUyTlRJeE5qQTVPREY5",
            "expires_at": "2022-05-10T05:36:21Z",
            "id": "us-east-1",
            "password": "eyJwYXlsb2FkIjoiNWhQelJQVzcxdE94TFVaeFI2aUVRTzM0SElNclFsVk5Ic0ZWbStGdHZMNmxVUUNjMXE0WERyekNyRXMrWXBPZmlSays4NWU5dWhrVkhScjJ4TjM1cHpMUTBOSENPSzRsazlHUXhUNGpPZzdTMmVzZGxQM0pxVXc0N3Z2L2RjYkJjeEpHb292Uk42VWxSVlBiUnR0ZnR0Tk9zdy9DeUcrMitMSHR2U3pFK1JnRElJNlpEVWZCbUxwb1Q1UERtcEpEdkxIanQydDVtRy8wTUxKUnJIZ1duNVZnYkhUendEdWVXNXBmejdoZXFwL2I2ZStLK1F4RjNNVzJ5QUN4enBEOUk1SjgvMTdJSWY3TW1XY2lPUFM1ZG8zNitRZlBjZ3NhQXN3THNNZEhEZlhtSFoyMlpGSHY2SE5aY2Jqdm5yNmhKcnJHVEg0enJBY3YzVEpiSk1pZ0lhN0ZuTTY3bkZNbml6OEl4YlMrYk1XdEYzYmhxckFkTzZuMFROamFhRWNsSjQ3N296ajhjaHVSSU52Z2dUdm0xbXU1V2NESmpacjNyRkxpbDEyVm9CelhseGVaYllxQXVZVVpYOWY3bXVpVlNHZllyVHR3c2V6QVFnUzZDQ1h1RXliaGF0M3h6RlF2UE1zMFFrdHVtRlYvWi9mcUN3Wm96bnJoL0tzZWQyNzRWaUNWUjdYTzI1M0JsdUNtajFQelJQblAxUDNvcWNpcDYrUVk4QlMrQ3dvY2ZYVnF3LzhLdlpYZno0Y20xOCtaOVVDTzNKdjkzQ2dmZkprdHM5ZjZaRkg4NlVJVkhSeEtHcU82d0lXUTNTQVA2cjFlSXBJcjgyQ3lNRWN3S2VrTTBBVHlvWVRvOE5FY3RUMm9zY0NQN2VIY2pKbTlsMVh2Rm1YSzVLb3d6MHlMRDR0TUl1Z0M0d1JFRXREZkhMMU5UREVTUkdoMStCRkNieU9lTUd1TWh5Vkh2aDk2RXlQS1VORG4xUnp1SFdwN2Ztd3hCblgvNUpZVDRzdG1YMTg4TkVqbjJMK1FEQUo4NnBJRWJ3WTJPb3dXTU5iK1NXaHFzZFZxbWYyZzNSMlZCTlBVbnZ2ZWJ3dTkrZ2daTnBwNUxVYjdZclI2aytlSzlkNHo5Vk9oOXdBdHY0bGJyNW50QzJMeVNWZUZzLzlXdk1WWVBSdGhPOUhkVFd2eXpIOTBPZ0k3WUUyMnFtRUJURjVCYUlJa3FrbDNMVlUwWkt3eWZncW53bGVxMkN0b2lQbWV2VWJBem40OE9pRkNYRHJSV0Q5NTA2dFNmSnFkNGRnY2JNdE8xV2c3MUxTaGhRQVk2cjFFTGh5YS9IWkVORlNEYWdlVjk1d3hLNFV3V2FjbGFEQ3F4ajNSQ3NWMFZ3TXJiQ2NwK0VORGJDUVArOWpzbjhLaGNjcXZnSmVITEJzQWs1aDhkV2JCcTZzTk5paW13QWtLZGdrWlhDSDZ4Y3draWVyNUh6Q3V6bjBsMVVXZFNtNlNtak5OTHBpWWhTcE9DYzJsMEJCRlkycUYiLCJkYXRha2V5IjoiQVFFQkFIaHdtMFlhSVNKZVJ0Sm01bjFHNnVxZWVrWHVvWFhQZTVVRmNlOVJxOC8xNHdBQUFINHdmQVlKS29aSWh2Y05BUWNHb0c4d2JRSUJBREJvQmdrcWhraUc5dzBCQndFd0hnWUpZSVpJQVdVREJBRXVNQkVFREVaUEJnVEFhWVMyanJpMUJBSUJFSUE3TitLYUdNUEZRREczOXc0TmtXdkNQN0NNYzJaR0NpM2NjZ3JySHY0UDcxbVEwZHhKQ1NJdWNTRGs1SFJLY0dHMDF2RDhnbE5seEdXc01KQT0iLCJ2ZXJzaW9uIjoiMiIsInR5cGUiOiJEQVRBX0tFWSIsImV4cGlyYXRpb24iOjE2NTIxNjA5ODF9",
            "proxy_endpoint": "https://193125195061.dkr.ecr.us-east-1.amazonaws.com",
            "registry_id": "193125195061",
            "user_name": "AWS"
          },
          "sensitive_attributes": []
        }
      ]
    },
    {
      "module": "module.ecr_push",
      "mode": "managed",
      "type": "aws_ecr_lifecycle_policy",
      "name": "ecr_policy",
      "provider": "provider[\"registry.terraform.io/hashicorp/aws\"]",
      "instances": [
        {
          "schema_version": 0,
          "attributes": {
            "id": "pineappletest",
            "policy": "{\"rules\":[{\"action\":{\"type\":\"expire\"},\"description\":\"Expire images older than 30 days\",\"rulePriority\":1,\"selection\":{\"countNumber\":30,\"countType\":\"sinceImagePushed\",\"countUnit\":\"days\",\"tagStatus\":\"untagged\"}}]}",
            "registry_id": "193125195061",
            "repository": "pineappletest"
          },
          "sensitive_attributes": [],
          "private": "bnVsbA==",
          "dependencies": [
            "module.ecr_push.aws_ecr_repository.ecr_repo"
          ]
        }
      ]
    },
    {
      "module": "module.ecr_push",
      "mode": "managed",
      "type": "aws_ecr_repository",
      "name": "ecr_repo",
      "provider": "provider[\"registry.terraform.io/hashicorp/aws\"]",
      "instances": [
        {
          "schema_version": 0,
          "attributes": {
            "arn": "arn:aws:ecr:us-east-1:193125195061:repository/pineappletest",
            "encryption_configuration": [
              {
                "encryption_type": "AES256",
                "kms_key": ""
              }
            ],
            "id": "pineappletest",
            "image_scanning_configuration": [
              {
                "scan_on_push": true
              }
            ],
            "image_tag_mutability": "MUTABLE",
            "name": "pineappletest",
            "registry_id": "193125195061",
            "repository_url": "193125195061.dkr.ecr.us-east-1.amazonaws.com/pineappletest",
            "tags": {},
            "tags_all": {},
            "timeouts": null
          },
          "sensitive_attributes": [],
          "private": "eyJlMmJmYjczMC1lY2FhLTExZTYtOGY4OC0zNDM2M2JjN2M0YzAiOnsiZGVsZXRlIjoxMjAwMDAwMDAwMDAwfX0="
        }
      ]
    },
    {
      "module": "module.ecr_push",
      "mode": "managed",
      "type": "null_resource",
      "name": "build_and_push",
      "provider": "provider[\"registry.terraform.io/hashicorp/null\"]",
      "instances": [
        {
          "schema_version": 0,
          "attributes": {
            "id": "5045661285091644221",
            "triggers": {
              "time": "2022-05-09T17:36:54Z"
            }
          },
          "sensitive_attributes": [],
          "private": "bnVsbA==",
          "dependencies": [
            "module.ecr_push.aws_ecr_repository.ecr_repo",
            "module.ecr_push.data.aws_ecr_authorization_token.ecr_token"
          ]
        }
      ]
    },
    {
      "module": "module.log_role_attatchment",
      "mode": "managed",
      "type": "aws_iam_role_policy_attachment",
      "name": "role_attatchment",
      "provider": "provider[\"registry.terraform.io/hashicorp/aws\"]",
      "instances": [
        {
          "schema_version": 0,
          "attributes": {
            "id": "pineappletest-20220509173206592300000002",
            "policy_arn": "arn:aws:iam::193125195061:policy/terraform-20220509173205768700000001",
            "role": "pineappletest"
          },
          "sensitive_attributes": [],
          "private": "bnVsbA==",
          "dependencies": [
            "aws_iam_policy.log",
            "aws_iam_role.lambda",
            "data.aws_iam_policy_document.assume_role",
            "data.aws_iam_policy_document.log"
          ]
        }
      ]
    },
    {
      "module": "module.sqs_test",
      "mode": "data",
      "type": "aws_ecr_image",
      "name": "image",
      "provider": "provider[\"registry.terraform.io/hashicorp/aws\"]",
      "instances": [
        {
          "schema_version": 0,
          "attributes": {
            "id": "sha256:fef80ff6bf703c8a4b6b199d2f22ae7b460e7d9d903f5755ba44ce0c53008a8a",
            "image_digest": "sha256:fef80ff6bf703c8a4b6b199d2f22ae7b460e7d9d903f5755ba44ce0c53008a8a",
            "image_pushed_at": 1652117664,
            "image_size_in_bytes": 159205799,
            "image_tag": "latest",
            "image_tags": [
              "latest"
            ],
            "registry_id": "193125195061",
            "repository_name": "pineappletest"
          },
          "sensitive_attributes": []
        }
      ]
    },
    {
      "module": "module.sqs_test",
      "mode": "managed",
      "type": "aws_cloudwatch_log_group",
      "name": "lambda",
      "provider": "provider[\"registry.terraform.io/hashicorp/aws\"]",
      "instances": [
        {
          "schema_version": 0,
          "attributes": {
            "arn": "arn:aws:logs:us-east-1:193125195061:log-group:/aws/lambda/pineapple-sqs",
            "id": "/aws/lambda/pineapple-sqs",
            "kms_key_id": "",
            "name": "/aws/lambda/pineapple-sqs",
            "name_prefix": null,
            "retention_in_days": 30,
            "tags": {},
            "tags_all": {}
          },
          "sensitive_attributes": [],
          "private": "bnVsbA==",
          "dependencies": [
            "module.ecr_push.aws_ecr_repository.ecr_repo",
            "module.ecr_push.data.aws_ecr_authorization_token.ecr_token",
            "module.ecr_push.null_resource.build_and_push",
            "module.sqs_test.aws_lambda_function.lambda",
            "module.sqs_test.data.aws_ecr_image.image",
            "aws_iam_role.lambda",
            "data.aws_iam_policy_document.assume_role"
          ]
        }
      ]
    },
    {
      "module": "module.sqs_test",
      "mode": "managed",
      "type": "aws_lambda_event_source_mapping",
      "name": "lambda",
      "provider": "provider[\"registry.terraform.io/hashicorp/aws\"]",
      "instances": [
        {
          "schema_version": 0,
          "attributes": {
            "batch_size": 10,
            "bisect_batch_on_function_error": false,
            "destination_config": [],
            "enabled": true,
            "event_source_arn": "arn:aws:sqs:us-east-1:193125195061:pineapple-test-queue",
            "filter_criteria": [],
            "function_arn": "arn:aws:lambda:us-east-1:193125195061:function:pineapple-sqs",
            "function_name": "arn:aws:lambda:us-east-1:193125195061:function:pineapple-sqs",
            "function_response_types": null,
            "id": "fa538443-8013-48f7-b95a-db4fa20324e3",
            "last_modified": "2022-05-09T17:37:27Z",
            "last_processing_result": "",
            "maximum_batching_window_in_seconds": 0,
            "maximum_record_age_in_seconds": 0,
            "maximum_retry_attempts": 0,
            "parallelization_factor": 0,
            "queues": null,
            "self_managed_event_source": [],
            "source_access_configuration": [],
            "starting_position": "",
            "starting_position_timestamp": "",
            "state": "Enabled",
            "state_transition_reason": "USER_INITIATED",
            "topics": null,
            "tumbling_window_in_seconds": 0,
            "uuid": "fa538443-8013-48f7-b95a-db4fa20324e3"
          },
          "sensitive_attributes": [],
          "private": "bnVsbA==",
          "dependencies": [
            "aws_iam_role.lambda",
            "aws_sqs_queue.test_queue",
            "module.ecr_push.aws_ecr_repository.ecr_repo",
            "module.ecr_push.data.aws_ecr_authorization_token.ecr_token",
            "module.ecr_push.null_resource.build_and_push",
            "module.sqs_test.aws_lambda_function.lambda",
            "module.sqs_test.data.aws_ecr_image.image"
          ]
        }
      ]
    },
    {
      "module": "module.sqs_test",
      "mode": "managed",
      "type": "aws_lambda_function",
      "name": "lambda",
      "provider": "provider[\"registry.terraform.io/hashicorp/aws\"]",
      "instances": [
        {
          "schema_version": 0,
          "attributes": {
            "architectures": [
              "x86_64"
            ],
            "arn": "arn:aws:lambda:us-east-1:193125195061:function:pineapple-sqs",
            "code_signing_config_arn": "",
            "dead_letter_config": [],
            "description": "",
            "environment": [
              {
                "variables": {
                  "MY_HANDLER": "test.sqs"
                }
              }
            ],
            "ephemeral_storage": [
              {
                "size": 512
              }
            ],
            "file_system_config": [],
            "filename": null,
            "function_name": "pineapple-sqs",
            "handler": "",
            "id": "pineapple-sqs",
            "image_config": [],
            "image_uri": "193125195061.dkr.ecr.us-east-1.amazonaws.com/pineappletest:latest",
            "invoke_arn": "arn:aws:apigateway:us-east-1:lambda:path/2015-03-31/functions/arn:aws:lambda:us-east-1:193125195061:function:pineapple-sqs/invocations",
            "kms_key_arn": "",
            "last_modified": "2022-05-09T17:36:57.000+0000",
            "layers": [],
            "memory_size": 256,
            "package_type": "Image",
            "publish": true,
            "qualified_arn": "arn:aws:lambda:us-east-1:193125195061:function:pineapple-sqs:2",
            "reserved_concurrent_executions": -1,
            "role": "arn:aws:iam::193125195061:role/pineappletest",
            "runtime": "",
            "s3_bucket": null,
            "s3_key": null,
            "s3_object_version": null,
            "signing_job_arn": "",
            "signing_profile_version_arn": "",
            "source_code_hash": "fef80ff6bf703c8a4b6b199d2f22ae7b460e7d9d903f5755ba44ce0c53008a8a",
            "source_code_size": 0,
            "tags": {},
            "tags_all": {},
            "timeout": 30,
            "timeouts": null,
            "tracing_config": [
              {
                "mode": "PassThrough"
              }
            ],
            "version": "2",
            "vpc_config": []
          },
          "sensitive_attributes": [],
          "private": "eyJlMmJmYjczMC1lY2FhLTExZTYtOGY4OC0zNDM2M2JjN2M0YzAiOnsiY3JlYXRlIjo2MDAwMDAwMDAwMDB9fQ==",
          "dependencies": [
            "aws_iam_role.lambda",
            "module.ecr_push.aws_ecr_repository.ecr_repo",
            "module.ecr_push.data.aws_ecr_authorization_token.ecr_token",
            "module.ecr_push.null_resource.build_and_push",
            "module.sqs_test.data.aws_ecr_image.image"
          ]
        }
      ]
    },
    {
      "module": "module.test_queue_role_attatchment",
      "mode": "managed",
      "type": "aws_iam_role_policy_attachment",
      "name": "role_attatchment",
      "provider": "provider[\"registry.terraform.io/hashicorp/aws\"]",
      "instances": [
        {
          "schema_version": 0,
          "attributes": {
            "id": "pineappletest-20220509173231685300000004",
            "policy_arn": "arn:aws:iam::193125195061:policy/terraform-20220509173231395800000003",
            "role": "pineappletest"
          },
          "sensitive_attributes": [],
          "private": "bnVsbA==",
          "dependencies": [
            "aws_iam_policy.test_queue",
            "aws_iam_role.lambda",
            "aws_sqs_queue.test_queue",
            "data.aws_iam_policy_document.assume_role",
            "data.aws_iam_policy_document.test_queue"
          ]
        }
      ]
    }
  ]
}
