{
  "version": 4,
  "terraform_version": "1.1.1",
  "serial": 16,
  "lineage": "9fd0de9a-7e40-e529-3a55-d17fba0b003b",
  "outputs": {},
  "resources": [
    {
      "mode": "data",
      "type": "aws_iam_policy_document",
      "name": "assume_role",
      "provider": "provider[\"registry.terraform.io/hashicorp/aws\"]",
      "instances": [
        {
          "schema_version": 0,
          "attributes": {
            "id": "3693445097",
            "json": "{\n  \"Version\": \"2012-10-17\",\n  \"Statement\": [\n    {\n      \"Sid\": \"\",\n      \"Effect\": \"Allow\",\n      \"Action\": \"sts:AssumeRole\",\n      \"Principal\": {\n        \"Service\": \"lambda.amazonaws.com\"\n      }\n    }\n  ]\n}",
            "override_json": null,
            "override_policy_documents": null,
            "policy_id": null,
            "source_json": null,
            "source_policy_documents": null,
            "statement": [
              {
                "actions": [
                  "sts:AssumeRole"
                ],
                "condition": [],
                "effect": "Allow",
                "not_actions": [],
                "not_principals": [],
                "not_resources": [],
                "principals": [
                  {
                    "identifiers": [
                      "lambda.amazonaws.com"
                    ],
                    "type": "Service"
                  }
                ],
                "resources": [],
                "sid": ""
              }
            ],
            "version": "2012-10-17"
          },
          "sensitive_attributes": []
        }
      ]
    },
    {
      "mode": "data",
      "type": "aws_iam_policy_document",
      "name": "log",
      "provider": "provider[\"registry.terraform.io/hashicorp/aws\"]",
      "instances": [
        {
          "schema_version": 0,
          "attributes": {
            "id": "2841852350",
            "json": "{\n  \"Version\": \"2012-10-17\",\n  \"Statement\": [\n    {\n      \"Sid\": \"\",\n      \"Effect\": \"Allow\",\n      \"Action\": \"logs:*\",\n      \"Resource\": \"*\"\n    }\n  ]\n}",
            "override_json": null,
            "override_policy_documents": null,
            "policy_id": null,
            "source_json": null,
            "source_policy_documents": null,
            "statement": [
              {
                "actions": [
                  "logs:*"
                ],
                "condition": [],
                "effect": "Allow",
                "not_actions": [],
                "not_principals": [],
                "not_resources": [],
                "principals": [],
                "resources": [
                  "*"
                ],
                "sid": ""
              }
            ],
            "version": "2012-10-17"
          },
          "sensitive_attributes": []
        }
      ]
    },
    {
      "mode": "data",
      "type": "aws_iam_policy_document",
      "name": "test_queue",
      "provider": "provider[\"registry.terraform.io/hashicorp/aws\"]",
      "instances": [
        {
          "schema_version": 0,
          "attributes": {
            "id": "4181588086",
            "json": "{\n  \"Version\": \"2012-10-17\",\n  \"Statement\": [\n    {\n      \"Sid\": \"\",\n      \"Effect\": \"Allow\",\n      \"Action\": \"sqs:*\",\n      \"Resource\": \"arn:aws:sqs:us-east-1:193125195061:pineapple-test-queue\"\n    }\n  ]\n}",
            "override_json": null,
            "override_policy_documents": null,
            "policy_id": null,
            "source_json": null,
            "source_policy_documents": null,
            "statement": [
              {
                "actions": [
                  "sqs:*"
                ],
                "condition": [],
                "effect": "Allow",
                "not_actions": [],
                "not_principals": [],
                "not_resources": [],
                "principals": [],
                "resources": [
                  "arn:aws:sqs:us-east-1:193125195061:pineapple-test-queue"
                ],
                "sid": ""
              }
            ],
            "version": "2012-10-17"
          },
          "sensitive_attributes": []
        }
      ]
    },
    {
      "mode": "managed",
      "type": "aws_iam_policy",
      "name": "log",
      "provider": "provider[\"registry.terraform.io/hashicorp/aws\"]",
      "instances": [
        {
          "schema_version": 0,
          "attributes": {
            "arn": "arn:aws:iam::193125195061:policy/terraform-20220509173205768700000001",
            "description": "",
            "id": "arn:aws:iam::193125195061:policy/terraform-20220509173205768700000001",
            "name": "terraform-20220509173205768700000001",
            "name_prefix": null,
            "path": "/",
            "policy": "{\"Statement\":[{\"Action\":\"logs:*\",\"Effect\":\"Allow\",\"Resource\":\"*\",\"Sid\":\"\"}],\"Version\":\"2012-10-17\"}",
            "policy_id": "ANPASZ5ZITU2RDJB5VQA2",
            "tags": null,
            "tags_all": {}
          },
          "sensitive_attributes": [],
          "private": "bnVsbA==",
          "dependencies": [
            "data.aws_iam_policy_document.log"
          ]
        }
      ]
    },
    {
      "mode": "managed",
      "type": "aws_iam_policy",
      "name": "test_queue",
      "provider": "provider[\"registry.terraform.io/hashicorp/aws\"]",
      "instances": [
        {
          "schema_version": 0,
          "attributes": {
            "arn": "arn:aws:iam::193125195061:policy/terraform-20220509173231395800000003",
            "description": "",
            "id": "arn:aws:iam::193125195061:policy/terraform-20220509173231395800000003",
            "name": "terraform-20220509173231395800000003",
            "name_prefix": null,
            "path": "/",
            "policy": "{\"Statement\":[{\"Action\":\"sqs:*\",\"Effect\":\"Allow\",\"Resource\":\"arn:aws:sqs:us-east-1:193125195061:pineapple-test-queue\",\"Sid\":\"\"}],\"Version\":\"2012-10-17\"}",
            "policy_id": "ANPASZ5ZITU26JB6R6NEU",
            "tags": null,
            "tags_all": {}
          },
          "sensitive_attributes": [],
          "private": "bnVsbA==",
          "dependencies": [
            "aws_sqs_queue.test_queue",
            "data.aws_iam_policy_document.test_queue"
          ]
        }
      ]
    },
    {
      "mode": "managed",
      "type": "aws_iam_role",
      "name": "lambda",
      "provider": "provider[\"registry.terraform.io/hashicorp/aws\"]",
      "instances": [
        {
          "schema_version": 0,
          "attributes": {
            "arn": "arn:aws:iam::193125195061:role/pineappletest",
            "assume_role_policy": "{\"Version\":\"2012-10-17\",\"Statement\":[{\"Sid\":\"\",\"Effect\":\"Allow\",\"Principal\":{\"Service\":\"lambda.amazonaws.com\"},\"Action\":\"sts:AssumeRole\"}]}",
            "create_date": "2022-05-09T17:32:06Z",
            "description": "",
            "force_detach_policies": false,
            "id": "pineappletest",
            "inline_policy": [
              {
                "name": "",
                "policy": ""
              }
            ],
            "managed_policy_arns": [],
            "max_session_duration": 3600,
            "name": "pineappletest",
            "name_prefix": "",
            "path": "/",
            "permissions_boundary": null,
            "tags": null,
            "tags_all": {},
            "unique_id": "AROASZ5ZITU26DYNARYAF"
          },
          "sensitive_attributes": [],
          "private": "bnVsbA==",
          "dependencies": [
            "data.aws_iam_policy_document.assume_role"
          ]
        }
      ]
    },
    {
      "mode": "managed",
      "type": "aws_sqs_queue",
      "name": "test_queue",
      "provider": "provider[\"registry.terraform.io/hashicorp/aws\"]",
      "instances": [
        {
          "schema_version": 0,
          "attributes": {
            "arn": "arn:aws:sqs:us-east-1:193125195061:pineapple-test-queue",
            "content_based_deduplication": false,
            "deduplication_scope": "",
            "delay_seconds": 0,
            "fifo_queue": false,
            "fifo_throughput_limit": "",
            "id": "https://sqs.us-east-1.amazonaws.com/193125195061/pineapple-test-queue",
            "kms_data_key_reuse_period_seconds": 300,
            "kms_master_key_id": "",
            "max_message_size": 262144,
            "message_retention_seconds": 345600,
            "name": "pineapple-test-queue",
            "name_prefix": "",
            "policy": "",
            "receive_wait_time_seconds": 0,
            "redrive_allow_policy": "",
            "redrive_policy": "",
            "sqs_managed_sse_enabled": false,
            "tags": null,
            "tags_all": {},
            "url": "https://sqs.us-east-1.amazonaws.com/193125195061/pineapple-test-queue",
            "visibility_timeout_seconds": 30
          },
          "sensitive_attributes": [],
          "private": "bnVsbA=="
        }
      ]
    },
    {
      "module": "module.ecr_push",
      "mode": "data",
      "type": "aws_ecr_authorization_token",
      "name": "ecr_token",
      "provider": "provider[\"registry.terraform.io/hashicorp/aws\"]",
      "instances": [
        {
          "schema_version": 0,
          "attributes": {
            "authorization_token": "QVdTOmV5SndZWGxzYjJGa0lqb2laM1Z6UkROQ01YTnJaREJoZVZSWVZ6SkZibTVaY1hwaU1YSXJaR0lyWXpSMGMzTXZVWEJOTm5scGJFdG5hazlJVUVOWE16VmtRbk5aYjAxUE9GZ3dZMFp0VlVoQ01VeHpTVUo0ZUZjeU1GcHdWbFJYY0ZadllqVnpiRWRRUldFek5uTlRTSE5oYUd0eFIzbEtObWRyTnpaTVJWaDVaMGRtVmpSRGJVSjVOVGhMUTJoRWJFa3ZlSE5vZW1OYWREYzJiVlJNYlRNck4zcDNPVW93UjFkMmVtcFVXRXBhZVhRNUsyOUJiSFpvTmswMWNtUnhZa0UyVTNkUldHMWxaU3RRUlc0MGR6UjBWMEZYUzNaT1NVaE1iVFZDUTI1dGMyNWFOVzk0Y2tsUVJsSmxlalpsTDIxSGREbFFTMmRQWVRKRFRraFFhRVV6T0hGcFNrNTNkamtyVldaWVVWQkRkVEJhUkVKbVpUVmhjelpUZFRoVGF6Rk1iRTA0VGtGNVVtWkRabXg2TVZnMFdHUkZNRU5OSzFSb1JIWk1hMGxtYUVOMmRqZDBibXhKVEVoUFMwcDJZMlV5THl0UU5tOXNhVmxXYlZZMlIzSjVXVVpuYldSSVdISTVRMjgxY2t4c2JsazJlVkpaTTNWdGVIaDVaMjFJVkRFMWJtMWhaVnBZZDA1bVkxQnZRamx6ZERadWFpdHRTVzUyWlZZeWVXeFNkVWc1TTFaRVZubEVaV05pWkdKSlNqRktTVEZZVDFrMlpERkhNVzVPUlRoeWJWUkNlV1JvTlhWaVFXWkNhVVZKYXpaSFlXbHhNVE5qYzNCaWVIbFVTelZLT0ZGeWFrYzNWa1JoVEdkUmVtOTRibkF3UTJrMFEybFVSR1ZMYTNKNWRVcEZha2ROVGtkUU1Fb3diMUZrTVhseVNpOU1NV1ZHU1c1VVUxb3paSEUzZW1sUVVuWXpXbFIwVlVsRGNIaFdhakZITUVZM1RtUXJSMnh6Y1RGVFNXbzBjVklyTWtsclFYUnlUV2RTVVM5SFFqaGlaakZMVkZZNFZVMXlTbXBCUldsbmIxSlVhVmxsUkVsa1NHTjVjRE5OVm5SNFVGSmpNV3hVWkdSMmNUbHBiSFV3WVdkVVJYaDVReTkyV1VsT1ZubHBNRXQyYTBSTlZuQmlRMnhFTm1wNVZqRlRSM1JEWjFOTmNqVklWV0ZhWmtRMGEyRjJTbnB3Wm1OdGJWWm1kVFkzU1VGRmFGUkxXVEJITmtaYVEwUnNlalJxU25OQ2FtOU5Ta1V4VGpKQ2NVVjNkMnBoYmxGWk1uZDNialpLZUcxdE1GQlNUMnRrWW5aU04zZGpURU5VUm0wd2FYTjVSMU5sY2pkS2JGWkVkSFV4TmtGR1FqY3ZjRmxHUW1KM1EyMVhSbGRIYzNoc2RFeEVXRkp5U0dRMFV6ZFZZMlZXUTNobU0zQjNkbGhYTld0c1IyWlliVFZzVWt4WlVYTmpPRk55Tmk4MmJXMTVkbkZOY1Zwa1J6YzBNUzlKVXl0UFVXUTBLMmhLTjAxbE5ERjBTU3RqTmxnMldWaHRRMVJGWjFWUmNFSllTVW92ZEV4aGFVWnNXRFV5TmtWWFpEWjVNbmRMUjAxaU5ITkNhMmN3Wms1TEwxSlJjM3BXVUhwa1NXWk9jV2xMUzI1a1VXOTFVRFI1Y1hKelowSXdaVFJMYzI5VE5XMVNSbkJGYkdKYU9FdElXV3B1VjFOTVNXWmhVMHBNYzBORlZuUnNVRWRsY0hOdVIzRTNNRmhXZUZWMmJFUlZjVWxUV2s1d2JtNVBRWFIzUmsxb1VVcEZZbmc0TDBGRlIyMHdXbEpNY0VaWmFtZFVjbnBEZGxOMU1XTjBURXRRWmpkRVpUZGhPVTlPWmpoVFdHeEhObXhKUkN0SWEwZzVNRFJ4Wkc1Q1VrbHFkM0pCVDBkek1ISkJLMXBFTlU5NldWVmxaRXBRYUVabFoxVnpjbTlDTW5oNGFrVXlSMWwwTVV3d1dHTlljWFZNYkV4RlpVcHhXR1ZWY1ZNaUxDSmtZWFJoYTJWNUlqb2lRVkZGUWtGSWFIZHRNRmxoU1ZOS1pWSjBTbTAxYmpGSE5uVnhaV1ZyV0hWdldGaFFaVFZWUm1ObE9WSnhPQzh4TkhkQlFVRklOSGRtUVZsS1MyOWFTV2gyWTA1QlVXTkhiMGM0ZDJKUlNVSkJSRUp2UW1kcmNXaHJhVWM1ZHpCQ1FuZEZkMGhuV1VwWlNWcEpRVmRWUkVKQlJYVk5Ra1ZGUkVONVlsUXdiR3R5VUUxcVVqa3lXbFozU1VKRlNVRTNXalZMZDFoMlVqaFhTbEF5TDNoSVlsQnVSVTFwT1RWS1dIWjBXbUpyWmxNNFJtTndkWGw2WTNCTU1XUkVObFpKUWtOdlltNU5aMVZsV0hWUVlVVlVhWEpaYUhSbVZ6a3JiVFpTWkRKUGJ6MGlMQ0oyWlhKemFXOXVJam9pTWlJc0luUjVjR1VpT2lKRVFWUkJYMHRGV1NJc0ltVjRjR2x5WVhScGIyNGlPakUyTlRJeE5qQTNNalo5",
            "expires_at": "2022-05-10T05:32:06Z",
            "id": "us-east-1",
            "password": "eyJwYXlsb2FkIjoiZ3VzRDNCMXNrZDBheVRYVzJFbm5ZcXpiMXIrZGIrYzR0c3MvUXBNNnlpbEtnak9IUENXMzVkQnNZb01POFgwY0ZtVUhCMUxzSUJ4eFcyMFpwVlRXcFZvYjVzbEdQRWEzNnNTSHNhaGtxR3lKNmdrNzZMRVh5Z0dmVjRDbUJ5NThLQ2hEbEkveHNoemNadDc2bVRMbTMrN3p3OUowR1d2empUWEpaeXQ5K29BbHZoNk01cmRxYkE2U3dRWG1lZStQRW40dzR0V0FXS3ZOSUhMbTVCQ25tc25aNW94cklQRlJlejZlL21HdDlQS2dPYTJDTkhQaEUzOHFpSk53djkrVWZYUVBDdTBaREJmZTVhczZTdThTazFMbE04TkF5UmZDZmx6MVg0WGRFMENNK1RoRHZMa0lmaEN2djd0bmxJTEhPS0p2Y2UyLytQNm9saVlWbVY2R3J5WUZnbWRIWHI5Q281ckxsblk2eVJZM3VteHh5Z21IVDE1bm1hZVpYd05mY1BvQjlzdDZuaittSW52ZVYyeWxSdUg5M1ZEVnlEZWNiZGJJSjFKSTFYT1k2ZDFHMW5ORThybVRCeWRoNXViQWZCaUVJazZHYWlxMTNjc3BieHlUSzVKOFFyakc3VkRhTGdRem94bnAwQ2k0Q2lURGVLa3J5dUpFakdNTkdQMEowb1FkMXlySi9MMWVGSW5UU1ozZHE3emlQUnYzWlR0VUlDcHhWajFHMEY3TmQrR2xzcTFTSWo0cVIrMklrQXRyTWdSUS9HQjhiZjFLVFY4VU1ySmpBRWlnb1JUaVllRElkSGN5cDNNVnR4UFJjMWxUZGR2cTlpbHUwYWdURXh5Qy92WUlOVnlpMEt2a0RNVnBiQ2xENmp5VjFTR3RDZ1NNcjVIVWFaZkQ0a2F2SnpwZmNtbVZmdTY3SUFFaFRLWTBHNkZaQ0RsejRqSnNCam9NSkUxTjJCcUV3d2phblFZMnd3bjZKeG1tMFBST2tkYnZSN3djTENURm0waXN5R1NlcjdKbFZEdHUxNkFGQjcvcFlGQmJ3Q21XRldHc3hsdExEWFJySGQ0UzdVY2VWQ3hmM3B3dlhXNWtsR2ZYbTVsUkxZUXNjOFNyNi82bW15dnFNcVpkRzc0MS9JUytPUWQ0K2hKN01lNDF0SStjNlg2WVhtQ1RFZ1VRcEJYSUovdExhaUZsWDUyNkVXZDZ5MndLR01iNHNCa2cwZk5LL1JRc3pWUHpkSWZOcWlLS25kUW91UDR5cXJzZ0IwZTRLc29TNW1SRnBFbGJaOEtIWWpuV1NMSWZhU0pMc0NFVnRsUEdlcHNuR3E3MFhWeFV2bERVcUlTWk5wbm5PQXR3Rk1oUUpFYng4L0FFR20wWlJMcEZZamdUcnpDdlN1MWN0TEtQZjdEZTdhOU9OZjhTWGxHNmxJRCtIa0g5MDRxZG5CUklqd3JBT0dzMHJBK1pENU96WVVlZEpQaEZlZ1Vzcm9CMnh4akUyR1l0MUwwWGNYcXVMbExFZUpxWGVVcVMiLCJkYXRha2V5IjoiQVFFQkFIaHdtMFlhSVNKZVJ0Sm01bjFHNnVxZWVrWHVvWFhQZTVVRmNlOVJxOC8xNHdBQUFINHdmQVlKS29aSWh2Y05BUWNHb0c4d2JRSUJBREJvQmdrcWhraUc5dzBCQndFd0hnWUpZSVpJQVdVREJBRXVNQkVFREN5YlQwbGtyUE1qUjkyWlZ3SUJFSUE3WjVLd1h2UjhXSlAyL3hIYlBuRU1pOTVKWHZ0WmJrZlM4RmNwdXl6Y3BMMWRENlZJQkNvYm5NZ1VlWHVQYUVUaXJZaHRmVzkrbTZSZDJPbz0iLCJ2ZXJzaW9uIjoiMiIsInR5cGUiOiJEQVRBX0tFWSIsImV4cGlyYXRpb24iOjE2NTIxNjA3MjZ9",
            "proxy_endpoint": "https://193125195061.dkr.ecr.us-east-1.amazonaws.com",
            "registry_id": "193125195061",
            "user_name": "AWS"
          },
          "sensitive_attributes": []
        }
      ]
    },
    {
      "module": "module.ecr_push",
      "mode": "managed",
      "type": "aws_ecr_lifecycle_policy",
      "name": "ecr_policy",
      "provider": "provider[\"registry.terraform.io/hashicorp/aws\"]",
      "instances": [
        {
          "schema_version": 0,
          "attributes": {
            "id": "pineappletest",
            "policy": "{\"rules\":[{\"action\":{\"type\":\"expire\"},\"description\":\"Expire images older than 30 days\",\"rulePriority\":1,\"selection\":{\"countNumber\":30,\"countType\":\"sinceImagePushed\",\"countUnit\":\"days\",\"tagStatus\":\"untagged\"}}]}",
            "registry_id": "193125195061",
            "repository": "pineappletest"
          },
          "sensitive_attributes": [],
          "private": "bnVsbA==",
          "dependencies": [
            "module.ecr_push.aws_ecr_repository.ecr_repo"
          ]
        }
      ]
    },
    {
      "module": "module.ecr_push",
      "mode": "managed",
      "type": "aws_ecr_repository",
      "name": "ecr_repo",
      "provider": "provider[\"registry.terraform.io/hashicorp/aws\"]",
      "instances": [
        {
          "schema_version": 0,
          "attributes": {
            "arn": "arn:aws:ecr:us-east-1:193125195061:repository/pineappletest",
            "encryption_configuration": [
              {
                "encryption_type": "AES256",
                "kms_key": ""
              }
            ],
            "id": "pineappletest",
            "image_scanning_configuration": [
              {
                "scan_on_push": true
              }
            ],
            "image_tag_mutability": "MUTABLE",
            "name": "pineappletest",
            "registry_id": "193125195061",
            "repository_url": "193125195061.dkr.ecr.us-east-1.amazonaws.com/pineappletest",
            "tags": null,
            "tags_all": {},
            "timeouts": null
          },
          "sensitive_attributes": [],
          "private": "eyJlMmJmYjczMC1lY2FhLTExZTYtOGY4OC0zNDM2M2JjN2M0YzAiOnsiZGVsZXRlIjoxMjAwMDAwMDAwMDAwfX0="
        }
      ]
    },
    {
      "module": "module.ecr_push",
      "mode": "managed",
      "type": "null_resource",
      "name": "build_and_push",
      "provider": "provider[\"registry.terraform.io/hashicorp/null\"]",
      "instances": [
        {
          "schema_version": 0,
          "attributes": {
            "id": "8858179461631346023",
            "triggers": {
              "time": "2022-05-09T17:32:06Z"
            }
          },
          "sensitive_attributes": [],
          "private": "bnVsbA==",
          "dependencies": [
            "module.ecr_push.aws_ecr_repository.ecr_repo",
            "module.ecr_push.data.aws_ecr_authorization_token.ecr_token"
          ]
        }
      ]
    },
    {
      "module": "module.log_role_attatchment",
      "mode": "managed",
      "type": "aws_iam_role_policy_attachment",
      "name": "role_attatchment",
      "provider": "provider[\"registry.terraform.io/hashicorp/aws\"]",
      "instances": [
        {
          "schema_version": 0,
          "attributes": {
            "id": "pineappletest-20220509173206592300000002",
            "policy_arn": "arn:aws:iam::193125195061:policy/terraform-20220509173205768700000001",
            "role": "pineappletest"
          },
          "sensitive_attributes": [],
          "private": "bnVsbA==",
          "dependencies": [
            "aws_iam_policy.log",
            "aws_iam_role.lambda",
            "data.aws_iam_policy_document.assume_role",
            "data.aws_iam_policy_document.log"
          ]
        }
      ]
    },
    {
      "module": "module.sqs_test",
      "mode": "data",
      "type": "aws_ecr_image",
      "name": "image",
      "provider": "provider[\"registry.terraform.io/hashicorp/aws\"]",
      "instances": [
        {
          "schema_version": 0,
          "attributes": {
            "id": "sha256:fef80ff6bf703c8a4b6b199d2f22ae7b460e7d9d903f5755ba44ce0c53008a8a",
            "image_digest": "sha256:fef80ff6bf703c8a4b6b199d2f22ae7b460e7d9d903f5755ba44ce0c53008a8a",
            "image_pushed_at": 1652117664,
            "image_size_in_bytes": 159205799,
            "image_tag": "latest",
            "image_tags": [
              "latest"
            ],
            "registry_id": "193125195061",
            "repository_name": "pineappletest"
          },
          "sensitive_attributes": []
        }
      ]
    },
    {
      "module": "module.sqs_test",
      "mode": "managed",
      "type": "aws_cloudwatch_log_group",
      "name": "lambda",
      "provider": "provider[\"registry.terraform.io/hashicorp/aws\"]",
      "instances": [
        {
          "schema_version": 0,
          "attributes": {
            "arn": "arn:aws:logs:us-east-1:193125195061:log-group:/aws/lambda/pineapple-sqs",
            "id": "/aws/lambda/pineapple-sqs",
            "kms_key_id": "",
            "name": "/aws/lambda/pineapple-sqs",
            "name_prefix": null,
            "retention_in_days": 30,
            "tags": null,
            "tags_all": {}
          },
          "sensitive_attributes": [],
          "private": "bnVsbA==",
          "dependencies": [
            "aws_iam_role.lambda",
            "data.aws_iam_policy_document.assume_role",
            "module.ecr_push.aws_ecr_repository.ecr_repo",
            "module.ecr_push.data.aws_ecr_authorization_token.ecr_token",
            "module.ecr_push.null_resource.build_and_push",
            "module.sqs_test.aws_lambda_function.lambda",
            "module.sqs_test.data.aws_ecr_image.image"
          ]
        }
      ]
    },
    {
      "module": "module.sqs_test",
      "mode": "managed",
      "type": "aws_lambda_function",
      "name": "lambda",
      "provider": "provider[\"registry.terraform.io/hashicorp/aws\"]",
      "instances": [
        {
          "schema_version": 0,
          "attributes": {
            "architectures": [
              "x86_64"
            ],
            "arn": "arn:aws:lambda:us-east-1:193125195061:function:pineapple-sqs",
            "code_signing_config_arn": "",
            "dead_letter_config": [],
            "description": "",
            "environment": [
              {
                "variables": {
                  "MY_HANDLER": "test.sqs"
                }
              }
            ],
            "ephemeral_storage": [
              {
                "size": 512
              }
            ],
            "file_system_config": [],
            "filename": null,
            "function_name": "pineapple-sqs",
            "handler": "",
            "id": "pineapple-sqs",
            "image_config": [],
            "image_uri": "193125195061.dkr.ecr.us-east-1.amazonaws.com/pineappletest:latest",
            "invoke_arn": "arn:aws:apigateway:us-east-1:lambda:path/2015-03-31/functions/arn:aws:lambda:us-east-1:193125195061:function:pineapple-sqs/invocations",
            "kms_key_arn": "",
            "last_modified": "2022-05-09T17:34:25.356+0000",
            "layers": null,
            "memory_size": 256,
            "package_type": "Image",
            "publish": true,
            "qualified_arn": "arn:aws:lambda:us-east-1:193125195061:function:pineapple-sqs:1",
            "reserved_concurrent_executions": -1,
            "role": "arn:aws:iam::193125195061:role/pineappletest",
            "runtime": "",
            "s3_bucket": null,
            "s3_key": null,
            "s3_object_version": null,
            "signing_job_arn": "",
            "signing_profile_version_arn": "",
            "source_code_hash": "fef80ff6bf703c8a4b6b199d2f22ae7b460e7d9d903f5755ba44ce0c53008a8a",
            "source_code_size": 0,
            "tags": null,
            "tags_all": {},
            "timeout": 180,
            "timeouts": null,
            "tracing_config": [
              {
                "mode": "PassThrough"
              }
            ],
            "version": "1",
            "vpc_config": []
          },
          "sensitive_attributes": [],
          "private": "eyJlMmJmYjczMC1lY2FhLTExZTYtOGY4OC0zNDM2M2JjN2M0YzAiOnsiY3JlYXRlIjo2MDAwMDAwMDAwMDB9fQ==",
          "dependencies": [
            "aws_iam_role.lambda",
            "data.aws_iam_policy_document.assume_role",
            "module.ecr_push.aws_ecr_repository.ecr_repo",
            "module.ecr_push.data.aws_ecr_authorization_token.ecr_token",
            "module.ecr_push.null_resource.build_and_push",
            "module.sqs_test.data.aws_ecr_image.image"
          ]
        }
      ]
    },
    {
      "module": "module.test_queue_role_attatchment",
      "mode": "managed",
      "type": "aws_iam_role_policy_attachment",
      "name": "role_attatchment",
      "provider": "provider[\"registry.terraform.io/hashicorp/aws\"]",
      "instances": [
        {
          "schema_version": 0,
          "attributes": {
            "id": "pineappletest-20220509173231685300000004",
            "policy_arn": "arn:aws:iam::193125195061:policy/terraform-20220509173231395800000003",
            "role": "pineappletest"
          },
          "sensitive_attributes": [],
          "private": "bnVsbA==",
          "dependencies": [
            "aws_iam_policy.test_queue",
            "aws_iam_role.lambda",
            "aws_sqs_queue.test_queue",
            "data.aws_iam_policy_document.assume_role",
            "data.aws_iam_policy_document.test_queue"
          ]
        }
      ]
    }
  ]
}
